
Microsoft Visual Studio Solution File, Format Version 12.00
# Visual Studio 14
VisualStudioVersion = 14.0.23107.0
MinimumVisualStudioVersion = 10.0.40219.1
Project("{FAE04EC0-301F-11D3-BF4B-00C04F79EFBC}") = "SimpleCalculator", "SimpleCalculator\SimpleCalculator.csproj", "{2B5131E9-6170-460A-A11A-30127B29113B}"
EndProject
Project("{FAE04EC0-301F-11D3-BF4B-00C04F79EFBC}") = "SimpleCalculatorTest", "SimpleCalculatorTest\SimpleCalculatorTest.csproj", "{CCCEF27A-5653-4B85-90C6-E05741C8CA36}"
EndProject
Global
	GlobalSection(SolutionConfigurationPlatforms) = preSolution
		Debug|Any CPU = Debug|Any CPU
		Release|Any CPU = Release|Any CPU
	EndGlobalSection
	GlobalSection(ProjectConfigurationPlatforms) = postSolution
		{2B5131E9-6170-460A-A11A-30127B29113B}.Debug|Any CPU.ActiveCfg = Debug|Any CPU
		{2B5131E9-6170-460A-A11A-30127B29113B}.Debug|Any CPU.Build.0 = Debug|Any CPU
		{2B5131E9-6170-460A-A11A-30127B29113B}.Release|Any CPU.ActiveCfg = Release|Any CPU
		{2B5131E9-6170-460A-A11A-30127B29113B}.Release|Any CPU.Build.0 = Release|Any CPU
		{CCCEF27A-5653-4B85-90C6-E05741C8CA36}.Debug|Any CPU.ActiveCfg = Debug|Any CPU
		{CCCEF27A-5653-4B85-90C6-E05741C8CA36}.Debug|Any CPU.Build.0 = Debug|Any CPU
		{CCCEF27A-5653-4B85-90C6-E05741C8CA36}.Release|Any CPU.ActiveCfg = Release|Any CPU
		{CCCEF27A-5653-4B85-90C6-E05741C8CA36}.Release|Any CPU.Build.0 = Release|Any CPU
	EndGlobalSection
	GlobalSection(SolutionProperties) = preSolution
		HideSolutionNode = FALSE
	EndGlobalSection
EndGlobal
